// !$*UTF8*$!
{
	archiveVersion = 1;
	classes = {
	};
	objectVersion = 55;
	objects = {

/* Begin PBXBuildFile section */
		599A1C85285B298600EB7321 /* GoogleService-Info.plist in Resources */ = {isa = PBXBuildFile; fileRef = 599A1C84285B298600EB7321 /* GoogleService-Info.plist */; };
		599A1C88285B29E300EB7321 /* FirebaseAnalytics in Frameworks */ = {isa = PBXBuildFile; productRef = 599A1C87285B29E300EB7321 /* FirebaseAnalytics */; };
		599A1C8A285B29E300EB7321 /* FirebaseAnalyticsOnDeviceConversion in Frameworks */ = {isa = PBXBuildFile; productRef = 599A1C89285B29E300EB7321 /* FirebaseAnalyticsOnDeviceConversion */; };
		599A1C8C285B29E300EB7321 /* FirebaseAnalyticsSwift in Frameworks */ = {isa = PBXBuildFile; productRef = 599A1C8B285B29E300EB7321 /* FirebaseAnalyticsSwift */; };
		599A1C8E285B29E300EB7321 /* FirebaseAuth in Frameworks */ = {isa = PBXBuildFile; productRef = 599A1C8D285B29E300EB7321 /* FirebaseAuth */; };
		599A1C90285B29E300EB7321 /* FirebaseAuthCombine-Community in Frameworks */ = {isa = PBXBuildFile; productRef = 599A1C8F285B29E300EB7321 /* FirebaseAuthCombine-Community */; };
		599A1C92285B29E300EB7321 /* FirebaseDatabase in Frameworks */ = {isa = PBXBuildFile; productRef = 599A1C91285B29E300EB7321 /* FirebaseDatabase */; };
		599A1C94285B29E300EB7321 /* FirebaseDatabaseSwift in Frameworks */ = {isa = PBXBuildFile; productRef = 599A1C93285B29E300EB7321 /* FirebaseDatabaseSwift */; };
		599A1C96285B29E300EB7321 /* FirebaseFirestore in Frameworks */ = {isa = PBXBuildFile; productRef = 599A1C95285B29E300EB7321 /* FirebaseFirestore */; };
		599A1C98285B29E400EB7321 /* FirebaseFirestoreCombine-Community in Frameworks */ = {isa = PBXBuildFile; productRef = 599A1C97285B29E400EB7321 /* FirebaseFirestoreCombine-Community */; };
		599A1C9A285B29E400EB7321 /* FirebaseFirestoreSwift in Frameworks */ = {isa = PBXBuildFile; productRef = 599A1C99285B29E400EB7321 /* FirebaseFirestoreSwift */; };
		599A1C9C285B2AB300EB7321 /* AuthenticationFirebaseDatasource.swift in Sources */ = {isa = PBXBuildFile; fileRef = 599A1C9B285B2AB300EB7321 /* AuthenticationFirebaseDatasource.swift */; };
		599A1C9E285B2B0900EB7321 /* AuthenticationRepository.swift in Sources */ = {isa = PBXBuildFile; fileRef = 599A1C9D285B2B0900EB7321 /* AuthenticationRepository.swift */; };
		599A1CA0285B2B1C00EB7321 /* AuthenticationViewModel.swift in Sources */ = {isa = PBXBuildFile; fileRef = 599A1C9F285B2B1C00EB7321 /* AuthenticationViewModel.swift */; };
		599A1CA2285B2B4300EB7321 /* Loginview.swift in Sources */ = {isa = PBXBuildFile; fileRef = 599A1CA1285B2B4300EB7321 /* Loginview.swift */; };
		599A1CA4285B2B6000EB7321 /* LoginEmailView.swift in Sources */ = {isa = PBXBuildFile; fileRef = 599A1CA3285B2B6000EB7321 /* LoginEmailView.swift */; };
		599A1CA6285B2B7100EB7321 /* EmailRegisterView.swift in Sources */ = {isa = PBXBuildFile; fileRef = 599A1CA5285B2B7100EB7321 /* EmailRegisterView.swift */; };
		599A1CA8285B2B8600EB7321 /* DiscardView.swift in Sources */ = {isa = PBXBuildFile; fileRef = 599A1CA7285B2B8600EB7321 /* DiscardView.swift */; };
		599A1CB0285B3D3B00EB7321 /* Doctor.swift in Sources */ = {isa = PBXBuildFile; fileRef = 599A1CAF285B3D3B00EB7321 /* Doctor.swift */; };
		599A1CB2285B3D9F00EB7321 /* DoctorViewModel.swift in Sources */ = {isa = PBXBuildFile; fileRef = 599A1CB1285B3D9F00EB7321 /* DoctorViewModel.swift */; };
		876B60C4285B4DEA002892E2 /* CalendarView.swift in Sources */ = {isa = PBXBuildFile; fileRef = 876B60C3285B4DEA002892E2 /* CalendarView.swift */; };
		876B60C6285B4FDF002892E2 /* Appointment.swift in Sources */ = {isa = PBXBuildFile; fileRef = 876B60C5285B4FDF002892E2 /* Appointment.swift */; };
		876B60C8285B5239002892E2 /* AppointmentViewModel.swift in Sources */ = {isa = PBXBuildFile; fileRef = 876B60C7285B5239002892E2 /* AppointmentViewModel.swift */; };
		876B60CA285B628D002892E2 /* MakeAppointmentCalendarView.swift in Sources */ = {isa = PBXBuildFile; fileRef = 876B60C9285B628D002892E2 /* MakeAppointmentCalendarView.swift */; };
		87767667285B03BB00FA82AD /* ProyectoFinalIOSApp.swift in Sources */ = {isa = PBXBuildFile; fileRef = 87767666285B03BB00FA82AD /* ProyectoFinalIOSApp.swift */; };
		87767669285B03BB00FA82AD /* ContentView.swift in Sources */ = {isa = PBXBuildFile; fileRef = 87767668285B03BB00FA82AD /* ContentView.swift */; };
		8776766B285B03BB00FA82AD /* Assets.xcassets in Resources */ = {isa = PBXBuildFile; fileRef = 8776766A285B03BB00FA82AD /* Assets.xcassets */; };
		8776766E285B03BB00FA82AD /* Preview Assets.xcassets in Resources */ = {isa = PBXBuildFile; fileRef = 8776766D285B03BB00FA82AD /* Preview Assets.xcassets */; };
		87767670285B03BB00FA82AD /* Persistence.swift in Sources */ = {isa = PBXBuildFile; fileRef = 8776766F285B03BB00FA82AD /* Persistence.swift */; };
		87767673285B03BB00FA82AD /* ProyectoFinalIOS.xcdatamodeld in Sources */ = {isa = PBXBuildFile; fileRef = 87767671285B03BB00FA82AD /* ProyectoFinalIOS.xcdatamodeld */; };
/* End PBXBuildFile section */

/* Begin PBXFileReference section */
		599A1C84285B298600EB7321 /* GoogleService-Info.plist */ = {isa = PBXFileReference; fileEncoding = 4; lastKnownFileType = text.plist.xml; path = "GoogleService-Info.plist"; sourceTree = "<group>"; };
		599A1C9B285B2AB300EB7321 /* AuthenticationFirebaseDatasource.swift */ = {isa = PBXFileReference; lastKnownFileType = sourcecode.swift; path = AuthenticationFirebaseDatasource.swift; sourceTree = "<group>"; };
		599A1C9D285B2B0900EB7321 /* AuthenticationRepository.swift */ = {isa = PBXFileReference; lastKnownFileType = sourcecode.swift; path = AuthenticationRepository.swift; sourceTree = "<group>"; };
		599A1C9F285B2B1C00EB7321 /* AuthenticationViewModel.swift */ = {isa = PBXFileReference; lastKnownFileType = sourcecode.swift; path = AuthenticationViewModel.swift; sourceTree = "<group>"; };
		599A1CA1285B2B4300EB7321 /* Loginview.swift */ = {isa = PBXFileReference; lastKnownFileType = sourcecode.swift; path = Loginview.swift; sourceTree = "<group>"; };
		599A1CA3285B2B6000EB7321 /* LoginEmailView.swift */ = {isa = PBXFileReference; lastKnownFileType = sourcecode.swift; path = LoginEmailView.swift; sourceTree = "<group>"; };
		599A1CA5285B2B7100EB7321 /* EmailRegisterView.swift */ = {isa = PBXFileReference; lastKnownFileType = sourcecode.swift; path = EmailRegisterView.swift; sourceTree = "<group>"; };
		599A1CA7285B2B8600EB7321 /* DiscardView.swift */ = {isa = PBXFileReference; lastKnownFileType = sourcecode.swift; path = DiscardView.swift; sourceTree = "<group>"; };
		599A1CAF285B3D3B00EB7321 /* Doctor.swift */ = {isa = PBXFileReference; lastKnownFileType = sourcecode.swift; path = Doctor.swift; sourceTree = "<group>"; };
		599A1CB1285B3D9F00EB7321 /* DoctorViewModel.swift */ = {isa = PBXFileReference; lastKnownFileType = sourcecode.swift; path = DoctorViewModel.swift; sourceTree = "<group>"; };
		876B60C3285B4DEA002892E2 /* CalendarView.swift */ = {isa = PBXFileReference; lastKnownFileType = sourcecode.swift; path = CalendarView.swift; sourceTree = "<group>"; };
		876B60C5285B4FDF002892E2 /* Appointment.swift */ = {isa = PBXFileReference; lastKnownFileType = sourcecode.swift; path = Appointment.swift; sourceTree = "<group>"; };
		876B60C7285B5239002892E2 /* AppointmentViewModel.swift */ = {isa = PBXFileReference; lastKnownFileType = sourcecode.swift; path = AppointmentViewModel.swift; sourceTree = "<group>"; };
		876B60C9285B628D002892E2 /* MakeAppointmentCalendarView.swift */ = {isa = PBXFileReference; lastKnownFileType = sourcecode.swift; path = MakeAppointmentCalendarView.swift; sourceTree = "<group>"; };
		87767663285B03BB00FA82AD /* ProyectoFinalIOS.app */ = {isa = PBXFileReference; explicitFileType = wrapper.application; includeInIndex = 0; path = ProyectoFinalIOS.app; sourceTree = BUILT_PRODUCTS_DIR; };
		87767666285B03BB00FA82AD /* ProyectoFinalIOSApp.swift */ = {isa = PBXFileReference; lastKnownFileType = sourcecode.swift; path = ProyectoFinalIOSApp.swift; sourceTree = "<group>"; };
		87767668285B03BB00FA82AD /* ContentView.swift */ = {isa = PBXFileReference; lastKnownFileType = sourcecode.swift; path = ContentView.swift; sourceTree = "<group>"; };
		8776766A285B03BB00FA82AD /* Assets.xcassets */ = {isa = PBXFileReference; lastKnownFileType = folder.assetcatalog; path = Assets.xcassets; sourceTree = "<group>"; };
		8776766D285B03BB00FA82AD /* Preview Assets.xcassets */ = {isa = PBXFileReference; lastKnownFileType = folder.assetcatalog; path = "Preview Assets.xcassets"; sourceTree = "<group>"; };
		8776766F285B03BB00FA82AD /* Persistence.swift */ = {isa = PBXFileReference; lastKnownFileType = sourcecode.swift; path = Persistence.swift; sourceTree = "<group>"; };
		87767672285B03BB00FA82AD /* ProyectoFinalIOS.xcdatamodel */ = {isa = PBXFileReference; lastKnownFileType = wrapper.xcdatamodel; path = ProyectoFinalIOS.xcdatamodel; sourceTree = "<group>"; };
/* End PBXFileReference section */

/* Begin PBXFrameworksBuildPhase section */
		87767660285B03BB00FA82AD /* Frameworks */ = {
			isa = PBXFrameworksBuildPhase;
			buildActionMask = 2147483647;
			files = (
				599A1C94285B29E300EB7321 /* FirebaseDatabaseSwift in Frameworks */,
				599A1C92285B29E300EB7321 /* FirebaseDatabase in Frameworks */,
				599A1C8C285B29E300EB7321 /* FirebaseAnalyticsSwift in Frameworks */,
				599A1C98285B29E400EB7321 /* FirebaseFirestoreCombine-Community in Frameworks */,
				599A1C88285B29E300EB7321 /* FirebaseAnalytics in Frameworks */,
				599A1C9A285B29E400EB7321 /* FirebaseFirestoreSwift in Frameworks */,
				599A1C8A285B29E300EB7321 /* FirebaseAnalyticsOnDeviceConversion in Frameworks */,
				599A1C96285B29E300EB7321 /* FirebaseFirestore in Frameworks */,
				599A1C8E285B29E300EB7321 /* FirebaseAuth in Frameworks */,
				599A1C90285B29E300EB7321 /* FirebaseAuthCombine-Community in Frameworks */,
			);
			runOnlyForDeploymentPostprocessing = 0;
		};
/* End PBXFrameworksBuildPhase section */

/* Begin PBXGroup section */
		8776765A285B03BB00FA82AD = {
			isa = PBXGroup;
			children = (
				87767665285B03BB00FA82AD /* ProyectoFinalIOS */,
				87767664285B03BB00FA82AD /* Products */,
			);
			sourceTree = "<group>";
		};
		87767664285B03BB00FA82AD /* Products */ = {
			isa = PBXGroup;
			children = (
				87767663285B03BB00FA82AD /* ProyectoFinalIOS.app */,
			);
			name = Products;
			sourceTree = "<group>";
		};
		87767665285B03BB00FA82AD /* ProyectoFinalIOS */ = {
			isa = PBXGroup;
			children = (
				87767666285B03BB00FA82AD /* ProyectoFinalIOSApp.swift */,
				87767668285B03BB00FA82AD /* ContentView.swift */,
				876B60C3285B4DEA002892E2 /* CalendarView.swift */,
				599A1C9B285B2AB300EB7321 /* AuthenticationFirebaseDatasource.swift */,
				876B60C9285B628D002892E2 /* MakeAppointmentCalendarView.swift */,
				599A1C9D285B2B0900EB7321 /* AuthenticationRepository.swift */,
				599A1C9F285B2B1C00EB7321 /* AuthenticationViewModel.swift */,
				599A1CA1285B2B4300EB7321 /* Loginview.swift */,
				599A1CA3285B2B6000EB7321 /* LoginEmailView.swift */,
				599A1CA5285B2B7100EB7321 /* EmailRegisterView.swift */,
				599A1CA7285B2B8600EB7321 /* DiscardView.swift */,
				599A1C84285B298600EB7321 /* GoogleService-Info.plist */,
				8776766A285B03BB00FA82AD /* Assets.xcassets */,
				8776766F285B03BB00FA82AD /* Persistence.swift */,
				87767671285B03BB00FA82AD /* ProyectoFinalIOS.xcdatamodeld */,
				8776766C285B03BB00FA82AD /* Preview Content */,
				599A1CAF285B3D3B00EB7321 /* Doctor.swift */,
				876B60C5285B4FDF002892E2 /* Appointment.swift */,
				599A1CB1285B3D9F00EB7321 /* DoctorViewModel.swift */,
				876B60C7285B5239002892E2 /* AppointmentViewModel.swift */,
			);
			path = ProyectoFinalIOS;
			sourceTree = "<group>";
		};
		8776766C285B03BB00FA82AD /* Preview Content */ = {
			isa = PBXGroup;
			children = (
				8776766D285B03BB00FA82AD /* Preview Assets.xcassets */,
			);
			path = "Preview Content";
			sourceTree = "<group>";
		};
/* End PBXGroup section */

/* Begin PBXNativeTarget section */
		87767662285B03BB00FA82AD /* ProyectoFinalIOS */ = {
			isa = PBXNativeTarget;
			buildConfigurationList = 87767676285B03BB00FA82AD /* Build configuration list for PBXNativeTarget "ProyectoFinalIOS" */;
			buildPhases = (
				8776765F285B03BB00FA82AD /* Sources */,
				87767660285B03BB00FA82AD /* Frameworks */,
				87767661285B03BB00FA82AD /* Resources */,
			);
			buildRules = (
			);
			dependencies = (
			);
			name = ProyectoFinalIOS;
			packageProductDependencies = (
				599A1C87285B29E300EB7321 /* FirebaseAnalytics */,
				599A1C89285B29E300EB7321 /* FirebaseAnalyticsOnDeviceConversion */,
				599A1C8B285B29E300EB7321 /* FirebaseAnalyticsSwift */,
				599A1C8D285B29E300EB7321 /* FirebaseAuth */,
				599A1C8F285B29E300EB7321 /* FirebaseAuthCombine-Community */,
				599A1C91285B29E300EB7321 /* FirebaseDatabase */,
				599A1C93285B29E300EB7321 /* FirebaseDatabaseSwift */,
				599A1C95285B29E300EB7321 /* FirebaseFirestore */,
				599A1C97285B29E400EB7321 /* FirebaseFirestoreCombine-Community */,
				599A1C99285B29E400EB7321 /* FirebaseFirestoreSwift */,
			);
			productName = ProyectoFinalIOS;
			productReference = 87767663285B03BB00FA82AD /* ProyectoFinalIOS.app */;
			productType = "com.apple.product-type.application";
		};
/* End PBXNativeTarget section */

/* Begin PBXProject section */
		8776765B285B03BB00FA82AD /* Project object */ = {
			isa = PBXProject;
			attributes = {
				BuildIndependentTargetsInParallel = 1;
				LastSwiftUpdateCheck = 1340;
				LastUpgradeCheck = 1340;
				TargetAttributes = {
					87767662285B03BB00FA82AD = {
						CreatedOnToolsVersion = 13.4.1;
					};
				};
			};
			buildConfigurationList = 8776765E285B03BB00FA82AD /* Build configuration list for PBXProject "ProyectoFinalIOS" */;
			compatibilityVersion = "Xcode 13.0";
			developmentRegion = en;
			hasScannedForEncodings = 0;
			knownRegions = (
				en,
				Base,
			);
			mainGroup = 8776765A285B03BB00FA82AD;
			packageReferences = (
				599A1C86285B29E300EB7321 /* XCRemoteSwiftPackageReference "firebase-ios-sdk" */,
			);
			productRefGroup = 87767664285B03BB00FA82AD /* Products */;
			projectDirPath = "";
			projectRoot = "";
			targets = (
				87767662285B03BB00FA82AD /* ProyectoFinalIOS */,
			);
		};
/* End PBXProject section */

/* Begin PBXResourcesBuildPhase section */
		87767661285B03BB00FA82AD /* Resources */ = {
			isa = PBXResourcesBuildPhase;
			buildActionMask = 2147483647;
			files = (
				8776766E285B03BB00FA82AD /* Preview Assets.xcassets in Resources */,
				8776766B285B03BB00FA82AD /* Assets.xcassets in Resources */,
				599A1C85285B298600EB7321 /* GoogleService-Info.plist in Resources */,
			);
			runOnlyForDeploymentPostprocessing = 0;
		};
/* End PBXResourcesBuildPhase section */

/* Begin PBXSourcesBuildPhase section */
		8776765F285B03BB00FA82AD /* Sources */ = {
			isa = PBXSourcesBuildPhase;
			buildActionMask = 2147483647;
			files = (
				876B60C8285B5239002892E2 /* AppointmentViewModel.swift in Sources */,
				876B60CA285B628D002892E2 /* MakeAppointmentCalendarView.swift in Sources */,
				87767670285B03BB00FA82AD /* Persistence.swift in Sources */,
				599A1C9C285B2AB300EB7321 /* AuthenticationFirebaseDatasource.swift in Sources */,
				599A1CB0285B3D3B00EB7321 /* Doctor.swift in Sources */,
				599A1CA0285B2B1C00EB7321 /* AuthenticationViewModel.swift in Sources */,
				87767669285B03BB00FA82AD /* ContentView.swift in Sources */,
				599A1CA4285B2B6000EB7321 /* LoginEmailView.swift in Sources */,
				599A1C9E285B2B0900EB7321 /* AuthenticationRepository.swift in Sources */,
				87767667285B03BB00FA82AD /* ProyectoFinalIOSApp.swift in Sources */,
				876B60C4285B4DEA002892E2 /* CalendarView.swift in Sources */,
				876B60C6285B4FDF002892E2 /* Appointment.swift in Sources */,
				599A1CA2285B2B4300EB7321 /* Loginview.swift in Sources */,
				599A1CB2285B3D9F00EB7321 /* DoctorViewModel.swift in Sources */,
				599A1CA6285B2B7100EB7321 /* EmailRegisterView.swift in Sources */,
				599A1CA8285B2B8600EB7321 /* DiscardView.swift in Sources */,
				87767673285B03BB00FA82AD /* ProyectoFinalIOS.xcdatamodeld in Sources */,
			);
			runOnlyForDeploymentPostprocessing = 0;
		};
/* End PBXSourcesBuildPhase section */

/* Begin XCBuildConfiguration section */
		87767674285B03BB00FA82AD /* Debug */ = {
			isa = XCBuildConfiguration;
			buildSettings = {
				ALWAYS_SEARCH_USER_PATHS = NO;
				CLANG_ANALYZER_NONNULL = YES;
				CLANG_ANALYZER_NUMBER_OBJECT_CONVERSION = YES_AGGRESSIVE;
				CLANG_CXX_LANGUAGE_STANDARD = "gnu++17";
				CLANG_ENABLE_MODULES = YES;
				CLANG_ENABLE_OBJC_ARC = YES;
				CLANG_ENABLE_OBJC_WEAK = YES;
				CLANG_WARN_BLOCK_CAPTURE_AUTORELEASING = YES;
				CLANG_WARN_BOOL_CONVERSION = YES;
				CLANG_WARN_COMMA = YES;
				CLANG_WARN_CONSTANT_CONVERSION = YES;
				CLANG_WARN_DEPRECATED_OBJC_IMPLEMENTATIONS = YES;
				CLANG_WARN_DIRECT_OBJC_ISA_USAGE = YES_ERROR;
				CLANG_WARN_DOCUMENTATION_COMMENTS = YES;
				CLANG_WARN_EMPTY_BODY = YES;
				CLANG_WARN_ENUM_CONVERSION = YES;
				CLANG_WARN_INFINITE_RECURSION = YES;
				CLANG_WARN_INT_CONVERSION = YES;
				CLANG_WARN_NON_LITERAL_NULL_CONVERSION = YES;
				CLANG_WARN_OBJC_IMPLICIT_RETAIN_SELF = YES;
				CLANG_WARN_OBJC_LITERAL_CONVERSION = YES;
				CLANG_WARN_OBJC_ROOT_CLASS = YES_ERROR;
				CLANG_WARN_QUOTED_INCLUDE_IN_FRAMEWORK_HEADER = YES;
				CLANG_WARN_RANGE_LOOP_ANALYSIS = YES;
				CLANG_WARN_STRICT_PROTOTYPES = YES;
				CLANG_WARN_SUSPICIOUS_MOVE = YES;
				CLANG_WARN_UNGUARDED_AVAILABILITY = YES_AGGRESSIVE;
				CLANG_WARN_UNREACHABLE_CODE = YES;
				CLANG_WARN__DUPLICATE_METHOD_MATCH = YES;
				COPY_PHASE_STRIP = NO;
				DEBUG_INFORMATION_FORMAT = dwarf;
				ENABLE_STRICT_OBJC_MSGSEND = YES;
				ENABLE_TESTABILITY = YES;
				GCC_C_LANGUAGE_STANDARD = gnu11;
				GCC_DYNAMIC_NO_PIC = NO;
				GCC_NO_COMMON_BLOCKS = YES;
				GCC_OPTIMIZATION_LEVEL = 0;
				GCC_PREPROCESSOR_DEFINITIONS = (
					"DEBUG=1",
					"$(inherited)",
				);
				GCC_WARN_64_TO_32_BIT_CONVERSION = YES;
				GCC_WARN_ABOUT_RETURN_TYPE = YES_ERROR;
				GCC_WARN_UNDECLARED_SELECTOR = YES;
				GCC_WARN_UNINITIALIZED_AUTOS = YES_AGGRESSIVE;
				GCC_WARN_UNUSED_FUNCTION = YES;
				GCC_WARN_UNUSED_VARIABLE = YES;
				IPHONEOS_DEPLOYMENT_TARGET = 15.5;
				MTL_ENABLE_DEBUG_INFO = INCLUDE_SOURCE;
				MTL_FAST_MATH = YES;
				ONLY_ACTIVE_ARCH = YES;
				SDKROOT = iphoneos;
				SWIFT_ACTIVE_COMPILATION_CONDITIONS = DEBUG;
				SWIFT_OPTIMIZATION_LEVEL = "-Onone";
			};
			name = Debug;
		};
		87767675285B03BB00FA82AD /* Release */ = {
			isa = XCBuildConfiguration;
			buildSettings = {
				ALWAYS_SEARCH_USER_PATHS = NO;
				CLANG_ANALYZER_NONNULL = YES;
				CLANG_ANALYZER_NUMBER_OBJECT_CONVERSION = YES_AGGRESSIVE;
				CLANG_CXX_LANGUAGE_STANDARD = "gnu++17";
				CLANG_ENABLE_MODULES = YES;
				CLANG_ENABLE_OBJC_ARC = YES;
				CLANG_ENABLE_OBJC_WEAK = YES;
				CLANG_WARN_BLOCK_CAPTURE_AUTORELEASING = YES;
				CLANG_WARN_BOOL_CONVERSION = YES;
				CLANG_WARN_COMMA = YES;
				CLANG_WARN_CONSTANT_CONVERSION = YES;
				CLANG_WARN_DEPRECATED_OBJC_IMPLEMENTATIONS = YES;
				CLANG_WARN_DIRECT_OBJC_ISA_USAGE = YES_ERROR;
				CLANG_WARN_DOCUMENTATION_COMMENTS = YES;
				CLANG_WARN_EMPTY_BODY = YES;
				CLANG_WARN_ENUM_CONVERSION = YES;
				CLANG_WARN_INFINITE_RECURSION = YES;
				CLANG_WARN_INT_CONVERSION = YES;
				CLANG_WARN_NON_LITERAL_NULL_CONVERSION = YES;
				CLANG_WARN_OBJC_IMPLICIT_RETAIN_SELF = YES;
				CLANG_WARN_OBJC_LITERAL_CONVERSION = YES;
				CLANG_WARN_OBJC_ROOT_CLASS = YES_ERROR;
				CLANG_WARN_QUOTED_INCLUDE_IN_FRAMEWORK_HEADER = YES;
				CLANG_WARN_RANGE_LOOP_ANALYSIS = YES;
				CLANG_WARN_STRICT_PROTOTYPES = YES;
				CLANG_WARN_SUSPICIOUS_MOVE = YES;
				CLANG_WARN_UNGUARDED_AVAILABILITY = YES_AGGRESSIVE;
				CLANG_WARN_UNREACHABLE_CODE = YES;
				CLANG_WARN__DUPLICATE_METHOD_MATCH = YES;
				COPY_PHASE_STRIP = NO;
				DEBUG_INFORMATION_FORMAT = "dwarf-with-dsym";
				ENABLE_NS_ASSERTIONS = NO;
				ENABLE_STRICT_OBJC_MSGSEND = YES;
				GCC_C_LANGUAGE_STANDARD = gnu11;
				GCC_NO_COMMON_BLOCKS = YES;
				GCC_WARN_64_TO_32_BIT_CONVERSION = YES;
				GCC_WARN_ABOUT_RETURN_TYPE = YES_ERROR;
				GCC_WARN_UNDECLARED_SELECTOR = YES;
				GCC_WARN_UNINITIALIZED_AUTOS = YES_AGGRESSIVE;
				GCC_WARN_UNUSED_FUNCTION = YES;
				GCC_WARN_UNUSED_VARIABLE = YES;
				IPHONEOS_DEPLOYMENT_TARGET = 15.5;
				MTL_ENABLE_DEBUG_INFO = NO;
				MTL_FAST_MATH = YES;
				SDKROOT = iphoneos;
				SWIFT_COMPILATION_MODE = wholemodule;
				SWIFT_OPTIMIZATION_LEVEL = "-O";
				VALIDATE_PRODUCT = YES;
			};
			name = Release;
		};
		87767677285B03BB00FA82AD /* Debug */ = {
			isa = XCBuildConfiguration;
			buildSettings = {
				ASSETCATALOG_COMPILER_APPICON_NAME = AppIcon;
				ASSETCATALOG_COMPILER_GLOBAL_ACCENT_COLOR_NAME = AccentColor;
				CODE_SIGN_STYLE = Automatic;
				CURRENT_PROJECT_VERSION = 1;
				DEVELOPMENT_ASSET_PATHS = "\"ProyectoFinalIOS/Preview Content\"";
				ENABLE_PREVIEWS = YES;
				GENERATE_INFOPLIST_FILE = YES;
				INFOPLIST_KEY_UIApplicationSceneManifest_Generation = YES;
				INFOPLIST_KEY_UIApplicationSupportsIndirectInputEvents = YES;
				INFOPLIST_KEY_UILaunchScreen_Generation = YES;
				INFOPLIST_KEY_UISupportedInterfaceOrientations_iPad = "UIInterfaceOrientationPortrait UIInterfaceOrientationPortraitUpsideDown UIInterfaceOrientationLandscapeLeft UIInterfaceOrientationLandscapeRight";
				INFOPLIST_KEY_UISupportedInterfaceOrientations_iPhone = "UIInterfaceOrientationPortrait UIInterfaceOrientationLandscapeLeft UIInterfaceOrientationLandscapeRight";
				LD_RUNPATH_SEARCH_PATHS = (
					"$(inherited)",
					"@executable_path/Frameworks",
				);
				MARKETING_VERSION = 1.0;
				PRODUCT_BUNDLE_IDENTIFIER = com.claseIOS.ProyectoFinalIOS;
				PRODUCT_NAME = "$(TARGET_NAME)";
				SWIFT_EMIT_LOC_STRINGS = YES;
				SWIFT_VERSION = 5.0;
				TARGETED_DEVICE_FAMILY = "1,2";
			};
			name = Debug;
		};
		87767678285B03BB00FA82AD /* Release */ = {
			isa = XCBuildConfiguration;
			buildSettings = {
				ASSETCATALOG_COMPILER_APPICON_NAME = AppIcon;
				ASSETCATALOG_COMPILER_GLOBAL_ACCENT_COLOR_NAME = AccentColor;
				CODE_SIGN_STYLE = Automatic;
				CURRENT_PROJECT_VERSION = 1;
				DEVELOPMENT_ASSET_PATHS = "\"ProyectoFinalIOS/Preview Content\"";
				ENABLE_PREVIEWS = YES;
				GENERATE_INFOPLIST_FILE = YES;
				INFOPLIST_KEY_UIApplicationSceneManifest_Generation = YES;
				INFOPLIST_KEY_UIApplicationSupportsIndirectInputEvents = YES;
				INFOPLIST_KEY_UILaunchScreen_Generation = YES;
				INFOPLIST_KEY_UISupportedInterfaceOrientations_iPad = "UIInterfaceOrientationPortrait UIInterfaceOrientationPortraitUpsideDown UIInterfaceOrientationLandscapeLeft UIInterfaceOrientationLandscapeRight";
				INFOPLIST_KEY_UISupportedInterfaceOrientations_iPhone = "UIInterfaceOrientationPortrait UIInterfaceOrientationLandscapeLeft UIInterfaceOrientationLandscapeRight";
				LD_RUNPATH_SEARCH_PATHS = (
					"$(inherited)",
					"@executable_path/Frameworks",
				);
				MARKETING_VERSION = 1.0;
				PRODUCT_BUNDLE_IDENTIFIER = com.claseIOS.ProyectoFinalIOS;
				PRODUCT_NAME = "$(TARGET_NAME)";
				SWIFT_EMIT_LOC_STRINGS = YES;
				SWIFT_VERSION = 5.0;
				TARGETED_DEVICE_FAMILY = "1,2";
			};
			name = Release;
		};
/* End XCBuildConfiguration section */

/* Begin XCConfigurationList section */
		8776765E285B03BB00FA82AD /* Build configuration list for PBXProject "ProyectoFinalIOS" */ = {
			isa = XCConfigurationList;
			buildConfigurations = (
				87767674285B03BB00FA82AD /* Debug */,
				87767675285B03BB00FA82AD /* Release */,
			);
			defaultConfigurationIsVisible = 0;
			defaultConfigurationName = Release;
		};
		87767676285B03BB00FA82AD /* Build configuration list for PBXNativeTarget "ProyectoFinalIOS" */ = {
			isa = XCConfigurationList;
			buildConfigurations = (
				87767677285B03BB00FA82AD /* Debug */,
				87767678285B03BB00FA82AD /* Release */,
			);
			defaultConfigurationIsVisible = 0;
			defaultConfigurationName = Release;
		};
/* End XCConfigurationList section */

/* Begin XCRemoteSwiftPackageReference section */
		599A1C86285B29E300EB7321 /* XCRemoteSwiftPackageReference "firebase-ios-sdk" */ = {
			isa = XCRemoteSwiftPackageReference;
			repositoryURL = "https://github.com/firebase/firebase-ios-sdk";
			requirement = {
				kind = upToNextMajorVersion;
				minimumVersion = 9.0.0;
			};
		};
/* End XCRemoteSwiftPackageReference section */

/* Begin XCSwiftPackageProductDependency section */
		599A1C87285B29E300EB7321 /* FirebaseAnalytics */ = {
			isa = XCSwiftPackageProductDependency;
			package = 599A1C86285B29E300EB7321 /* XCRemoteSwiftPackageReference "firebase-ios-sdk" */;
			productName = FirebaseAnalytics;
		};
		599A1C89285B29E300EB7321 /* FirebaseAnalyticsOnDeviceConversion */ = {
			isa = XCSwiftPackageProductDependency;
			package = 599A1C86285B29E300EB7321 /* XCRemoteSwiftPackageReference "firebase-ios-sdk" */;
			productName = FirebaseAnalyticsOnDeviceConversion;
		};
		599A1C8B285B29E300EB7321 /* FirebaseAnalyticsSwift */ = {
			isa = XCSwiftPackageProductDependency;
			package = 599A1C86285B29E300EB7321 /* XCRemoteSwiftPackageReference "firebase-ios-sdk" */;
			productName = FirebaseAnalyticsSwift;
		};
		599A1C8D285B29E300EB7321 /* FirebaseAuth */ = {
			isa = XCSwiftPackageProductDependency;
			package = 599A1C86285B29E300EB7321 /* XCRemoteSwiftPackageReference "firebase-ios-sdk" */;
			productName = FirebaseAuth;
		};
		599A1C8F285B29E300EB7321 /* FirebaseAuthCombine-Community */ = {
			isa = XCSwiftPackageProductDependency;
			package = 599A1C86285B29E300EB7321 /* XCRemoteSwiftPackageReference "firebase-ios-sdk" */;
			productName = "FirebaseAuthCombine-Community";
		};
		599A1C91285B29E300EB7321 /* FirebaseDatabase */ = {
			isa = XCSwiftPackageProductDependency;
			package = 599A1C86285B29E300EB7321 /* XCRemoteSwiftPackageReference "firebase-ios-sdk" */;
			productName = FirebaseDatabase;
		};
		599A1C93285B29E300EB7321 /* FirebaseDatabaseSwift */ = {
			isa = XCSwiftPackageProductDependency;
			package = 599A1C86285B29E300EB7321 /* XCRemoteSwiftPackageReference "firebase-ios-sdk" */;
			productName = FirebaseDatabaseSwift;
		};
		599A1C95285B29E300EB7321 /* FirebaseFirestore */ = {
			isa = XCSwiftPackageProductDependency;
			package = 599A1C86285B29E300EB7321 /* XCRemoteSwiftPackageReference "firebase-ios-sdk" */;
			productName = FirebaseFirestore;
		};
		599A1C97285B29E400EB7321 /* FirebaseFirestoreCombine-Community */ = {
			isa = XCSwiftPackageProductDependency;
			package = 599A1C86285B29E300EB7321 /* XCRemoteSwiftPackageReference "firebase-ios-sdk" */;
			productName = "FirebaseFirestoreCombine-Community";
		};
		599A1C99285B29E400EB7321 /* FirebaseFirestoreSwift */ = {
			isa = XCSwiftPackageProductDependency;
			package = 599A1C86285B29E300EB7321 /* XCRemoteSwiftPackageReference "firebase-ios-sdk" */;
			productName = FirebaseFirestoreSwift;
		};
/* End XCSwiftPackageProductDependency section */

/* Begin XCVersionGroup section */
		87767671285B03BB00FA82AD /* ProyectoFinalIOS.xcdatamodeld */ = {
			isa = XCVersionGroup;
			children = (
				87767672285B03BB00FA82AD /* ProyectoFinalIOS.xcdatamodel */,
			);
			currentVersion = 87767672285B03BB00FA82AD /* ProyectoFinalIOS.xcdatamodel */;
			path = ProyectoFinalIOS.xcdatamodeld;
			sourceTree = "<group>";
			versionGroupType = wrapper.xcdatamodel;
		};
/* End XCVersionGroup section */
	};
	rootObject = 8776765B285B03BB00FA82AD /* Project object */;
}
